
Microsoft Visual Studio Solution File, Format Version 12.00
# Visual Studio Version 17
VisualStudioVersion = 17.3.32901.215
MinimumVisualStudioVersion = 10.0.40219.1
Project("{9A19103F-16F7-4668-BE54-9A1E7A4F7556}") = "NigerianBanksAPI", "NigerianBanksAPI\NigerianBanksAPI.csproj", "{F8660FC1-6B27-4653-96CB-0383F4C138B9}"
EndProject
Project("{E53339B2-1760-4266-BCC7-CA923CBCF16C}") = "docker-compose", "docker-compose.dcproj", "{3AE4B76E-F0C5-44AC-9AF2-EAEA04F50D38}"
EndProject
Global
	GlobalSection(SolutionConfigurationPlatforms) = preSolution
		Debug|Any CPU = Debug|Any CPU
		Release|Any CPU = Release|Any CPU
	EndGlobalSection
	GlobalSection(ProjectConfigurationPlatforms) = postSolution
		{F8660FC1-6B27-4653-96CB-0383F4C138B9}.Debug|Any CPU.ActiveCfg = Debug|Any CPU
		{F8660FC1-6B27-4653-96CB-0383F4C138B9}.Debug|Any CPU.Build.0 = Debug|Any CPU
		{F8660FC1-6B27-4653-96CB-0383F4C138B9}.Release|Any CPU.ActiveCfg = Release|Any CPU
		{F8660FC1-6B27-4653-96CB-0383F4C138B9}.Release|Any CPU.Build.0 = Release|Any CPU
		{3AE4B76E-F0C5-44AC-9AF2-EAEA04F50D38}.Debug|Any CPU.ActiveCfg = Debug|Any CPU
		{3AE4B76E-F0C5-44AC-9AF2-EAEA04F50D38}.Debug|Any CPU.Build.0 = Debug|Any CPU
		{3AE4B76E-F0C5-44AC-9AF2-EAEA04F50D38}.Release|Any CPU.ActiveCfg = Release|Any CPU
		{3AE4B76E-F0C5-44AC-9AF2-EAEA04F50D38}.Release|Any CPU.Build.0 = Release|Any CPU
	EndGlobalSection
	GlobalSection(SolutionProperties) = preSolution
		HideSolutionNode = FALSE
	EndGlobalSection
	GlobalSection(ExtensibilityGlobals) = postSolution
		SolutionGuid = {F3B11778-745A-4650-A318-203C47C788F5}
	EndGlobalSection
EndGlobal
